
Microsoft Visual Studio Solution File, Format Version 12.00
# Visual Studio Version 17
VisualStudioVersion = 17.3.32819.101
MinimumVisualStudioVersion = 10.0.40219.1
Project("{9A19103F-16F7-4668-BE54-9A1E7A4F7556}") = "ByteBank", "ByteBank\ByteBank.csproj", "{A2321A60-DC09-45FB-A1FC-A16CDFB6B090}"
EndProject
Project("{FAE04EC0-301F-11D3-BF4B-00C04F79EFBC}") = "FastFood", "FastFood\FastFood.csproj", "{B2D05BD8-F7EA-443E-811B-DA224A8F7D9A}"
EndProject
Project("{FAE04EC0-301F-11D3-BF4B-00C04F79EFBC}") = "DesafioMatricula", "DesafioMatricula\DesafioMatricula.csproj", "{CAC1F3AC-88BF-46BF-BE67-9C4F859333C0}"
EndProject
Global
	GlobalSection(SolutionConfigurationPlatforms) = preSolution
		Debug|Any CPU = Debug|Any CPU
		Release|Any CPU = Release|Any CPU
	EndGlobalSection
	GlobalSection(ProjectConfigurationPlatforms) = postSolution
		{A2321A60-DC09-45FB-A1FC-A16CDFB6B090}.Debug|Any CPU.ActiveCfg = Debug|Any CPU
		{A2321A60-DC09-45FB-A1FC-A16CDFB6B090}.Debug|Any CPU.Build.0 = Debug|Any CPU
		{A2321A60-DC09-45FB-A1FC-A16CDFB6B090}.Release|Any CPU.ActiveCfg = Release|Any CPU
		{A2321A60-DC09-45FB-A1FC-A16CDFB6B090}.Release|Any CPU.Build.0 = Release|Any CPU
		{B2D05BD8-F7EA-443E-811B-DA224A8F7D9A}.Debug|Any CPU.ActiveCfg = Debug|Any CPU
		{B2D05BD8-F7EA-443E-811B-DA224A8F7D9A}.Debug|Any CPU.Build.0 = Debug|Any CPU
		{B2D05BD8-F7EA-443E-811B-DA224A8F7D9A}.Release|Any CPU.ActiveCfg = Release|Any CPU
		{B2D05BD8-F7EA-443E-811B-DA224A8F7D9A}.Release|Any CPU.Build.0 = Release|Any CPU
		{CAC1F3AC-88BF-46BF-BE67-9C4F859333C0}.Debug|Any CPU.ActiveCfg = Debug|Any CPU
		{CAC1F3AC-88BF-46BF-BE67-9C4F859333C0}.Debug|Any CPU.Build.0 = Debug|Any CPU
		{CAC1F3AC-88BF-46BF-BE67-9C4F859333C0}.Release|Any CPU.ActiveCfg = Release|Any CPU
		{CAC1F3AC-88BF-46BF-BE67-9C4F859333C0}.Release|Any CPU.Build.0 = Release|Any CPU
	EndGlobalSection
	GlobalSection(SolutionProperties) = preSolution
		HideSolutionNode = FALSE
	EndGlobalSection
	GlobalSection(ExtensibilityGlobals) = postSolution
		SolutionGuid = {8E80C55C-BE58-440F-A6E6-4B92BFAFD087}
	EndGlobalSection
EndGlobal
